{
  "name": "light-sync-hwp",
  "lockfileVersion": 3,
  "requires": true,
  "packages": {
    "": {
      "name": "light-sync-hwp",
      "dependencies": {
        "@rhwp/core": "^0.8.6"
      }
    },
    "node_modules/@rhwp/core": {
      "version": "0.8.6",
      "resolved": "https://registry.npmjs.org/@rhwp/core/-/core-0.8.6.tgz",
      "integrity": "sha512-ZMO2QMHbR4v7t86feMWiRJ4QozjjqHDGv4PyzTT4LyMuX1LeUpmQaOHrGLQpbYMJV0IWCYjVRewKqkXx+w16XQ==",
      "license": "MIT",
      "funding": {
        "url": "https://github.com/sponsors/edwardkim"
      }
    }
  }
}
